
Microsoft Visual Studio Solution File, Format Version 12.00
# Visual Studio 15
VisualStudioVersion = 15.0.27703.2018
MinimumVisualStudioVersion = 10.0.40219.1
Project("{FAE04EC0-301F-11D3-BF4B-00C04F79EFBC}") = "ContosoUniversity", "ContosoUniversity\ContosoUniversity.csproj", "{44B651B2-4925-4190-B4C0-CA4E8FA7CBCA}"
EndProject
Global
	GlobalSection(SolutionConfigurationPlatforms) = preSolution
		Debug|Any CPU = Debug|Any CPU
		Release|Any CPU = Release|Any CPU
	EndGlobalSection
	GlobalSection(ProjectConfigurationPlatforms) = postSolution
		{44B651B2-4925-4190-B4C0-CA4E8FA7CBCA}.Debug|Any CPU.ActiveCfg = Debug|Any CPU
		{44B651B2-4925-4190-B4C0-CA4E8FA7CBCA}.Debug|Any CPU.Build.0 = Debug|Any CPU
		{44B651B2-4925-4190-B4C0-CA4E8FA7CBCA}.Release|Any CPU.ActiveCfg = Release|Any CPU
		{44B651B2-4925-4190-B4C0-CA4E8FA7CBCA}.Release|Any CPU.Build.0 = Release|Any CPU
	EndGlobalSection
	GlobalSection(SolutionProperties) = preSolution
		HideSolutionNode = FALSE
	EndGlobalSection
	GlobalSection(ExtensibilityGlobals) = postSolution
		SolutionGuid = {C665BD0D-A524-469F-B3D5-3CCF96C5C9E3}
	EndGlobalSection
EndGlobal
